
Microsoft Visual Studio Solution File, Format Version 12.00
# Visual Studio 14
VisualStudioVersion = 14.0.25123.0
MinimumVisualStudioVersion = 10.0.40219.1
Project("{FAE04EC0-301F-11D3-BF4B-00C04F79EFBC}") = "PlanetaryResourceManager", "PlanetaryResourceManager\PlanetaryResourceManager.csproj", "{1893F040-26FE-4F39-9856-F7B420147CE5}"
EndProject
Project("{FAE04EC0-301F-11D3-BF4B-00C04F79EFBC}") = "LoggingUtility", "LoggingUtility\LoggingUtility.csproj", "{01F07D43-D5F7-4E89-8F2A-C94E33421A79}"
EndProject
Project("{FAE04EC0-301F-11D3-BF4B-00C04F79EFBC}") = "PlanetaryResourceManager.Core", "PlanetaryResourceManager.Core\PlanetaryResourceManager.Core.csproj", "{A7D2F6CB-73EE-46A6-A15A-8DD1E7003AB4}"
EndProject
Project("{FAE04EC0-301F-11D3-BF4B-00C04F79EFBC}") = "PlanetaryResourceManager.Api", "PlanetaryResourceManager.Api\PlanetaryResourceManager.Api.csproj", "{83476E94-8AAB-453B-BE19-A01DBDA5844A}"
EndProject
Project("{FAE04EC0-301F-11D3-BF4B-00C04F79EFBC}") = "PlanetaryResourceManager.Web", "PlanetaryResourceManager.Web\PlanetaryResourceManager.Web.csproj", "{64F44585-2A24-4032-8102-4B0D65BAC9AC}"
EndProject
Project("{FAE04EC0-301F-11D3-BF4B-00C04F79EFBC}") = "PlanetaryResourceManager.Test", "PlanetaryResourceManager.Test\PlanetaryResourceManager.Test.csproj", "{C8630617-71AE-4BEE-BCA3-4B3F9A97CE0F}"
EndProject
Project("{2150E333-8FDC-42A3-9474-1A3956D46DE8}") = "Solution Items", "Solution Items", "{D91637CD-3D87-4A6D-8AB5-8E59F00BD4EC}"
	ProjectSection(SolutionItems) = preProject
		Jenkinsfile.txt = Jenkinsfile.txt
	EndProjectSection
EndProject
Global
	GlobalSection(SolutionConfigurationPlatforms) = preSolution
		Debug|Any CPU = Debug|Any CPU
		Release|Any CPU = Release|Any CPU
	EndGlobalSection
	GlobalSection(ProjectConfigurationPlatforms) = postSolution
		{1893F040-26FE-4F39-9856-F7B420147CE5}.Debug|Any CPU.ActiveCfg = Debug|Any CPU
		{1893F040-26FE-4F39-9856-F7B420147CE5}.Debug|Any CPU.Build.0 = Debug|Any CPU
		{1893F040-26FE-4F39-9856-F7B420147CE5}.Release|Any CPU.ActiveCfg = Release|Any CPU
		{1893F040-26FE-4F39-9856-F7B420147CE5}.Release|Any CPU.Build.0 = Release|Any CPU
		{01F07D43-D5F7-4E89-8F2A-C94E33421A79}.Debug|Any CPU.ActiveCfg = Debug|Any CPU
		{01F07D43-D5F7-4E89-8F2A-C94E33421A79}.Debug|Any CPU.Build.0 = Debug|Any CPU
		{01F07D43-D5F7-4E89-8F2A-C94E33421A79}.Release|Any CPU.ActiveCfg = Release|Any CPU
		{01F07D43-D5F7-4E89-8F2A-C94E33421A79}.Release|Any CPU.Build.0 = Release|Any CPU
		{A7D2F6CB-73EE-46A6-A15A-8DD1E7003AB4}.Debug|Any CPU.ActiveCfg = Debug|Any CPU
		{A7D2F6CB-73EE-46A6-A15A-8DD1E7003AB4}.Debug|Any CPU.Build.0 = Debug|Any CPU
		{A7D2F6CB-73EE-46A6-A15A-8DD1E7003AB4}.Release|Any CPU.ActiveCfg = Release|Any CPU
		{A7D2F6CB-73EE-46A6-A15A-8DD1E7003AB4}.Release|Any CPU.Build.0 = Release|Any CPU
		{83476E94-8AAB-453B-BE19-A01DBDA5844A}.Debug|Any CPU.ActiveCfg = Debug|Any CPU
		{83476E94-8AAB-453B-BE19-A01DBDA5844A}.Debug|Any CPU.Build.0 = Debug|Any CPU
		{83476E94-8AAB-453B-BE19-A01DBDA5844A}.Release|Any CPU.ActiveCfg = Release|Any CPU
		{83476E94-8AAB-453B-BE19-A01DBDA5844A}.Release|Any CPU.Build.0 = Release|Any CPU
		{64F44585-2A24-4032-8102-4B0D65BAC9AC}.Debug|Any CPU.ActiveCfg = Debug|Any CPU
		{64F44585-2A24-4032-8102-4B0D65BAC9AC}.Debug|Any CPU.Build.0 = Debug|Any CPU
		{64F44585-2A24-4032-8102-4B0D65BAC9AC}.Release|Any CPU.ActiveCfg = Release|Any CPU
		{64F44585-2A24-4032-8102-4B0D65BAC9AC}.Release|Any CPU.Build.0 = Release|Any CPU
		{C8630617-71AE-4BEE-BCA3-4B3F9A97CE0F}.Debug|Any CPU.ActiveCfg = Debug|Any CPU
		{C8630617-71AE-4BEE-BCA3-4B3F9A97CE0F}.Debug|Any CPU.Build.0 = Debug|Any CPU
		{C8630617-71AE-4BEE-BCA3-4B3F9A97CE0F}.Release|Any CPU.ActiveCfg = Release|Any CPU
		{C8630617-71AE-4BEE-BCA3-4B3F9A97CE0F}.Release|Any CPU.Build.0 = Release|Any CPU
	EndGlobalSection
	GlobalSection(SolutionProperties) = preSolution
		HideSolutionNode = FALSE
	EndGlobalSection
EndGlobal
